
Microsoft Visual Studio Solution File, Format Version 12.00
# Visual Studio Version 16
VisualStudioVersion = 16.0.30011.22
MinimumVisualStudioVersion = 10.0.40219.1
Project("{8BC9CEB8-8B4A-11D0-8D11-00A0C91BC942}") = "AutoLM", "AutoLM.vcxproj", "{E6C6E5C2-EBE4-47BF-971D-A92654901991}"
EndProject
Project("{8BC9CEB8-8B4A-11D0-8D11-00A0C91BC942}") = "CompId", "CompId.vcxproj", "{CABD2D60-4FA3-4E07-A73D-D88E6F3C2EC4}"
EndProject
Project("{8BC9CEB8-8B4A-11D0-8D11-00A0C91BC942}") = "Activate", "Activate.vcxproj", "{6181D9DF-4276-41A7-9B8F-3604F2B6E1BD}"
EndProject
Project("{8BC9CEB8-8B4A-11D0-8D11-00A0C91BC942}") = "Validate", "Validate.vcxproj", "{1B2A78BB-51D2-4D7A-9B9A-5683E3D10880}"
	ProjectSection(ProjectDependencies) = postProject
		{E6C6E5C2-EBE4-47BF-971D-A92654901991} = {E6C6E5C2-EBE4-47BF-971D-A92654901991}
	EndProjectSection
EndProject
Global
	GlobalSection(SolutionConfigurationPlatforms) = preSolution
		Debug|x64 = Debug|x64
		Debug|x86 = Debug|x86
		Release|x64 = Release|x64
		Release|x86 = Release|x86
	EndGlobalSection
	GlobalSection(ProjectConfigurationPlatforms) = postSolution
		{E6C6E5C2-EBE4-47BF-971D-A92654901991}.Debug|x64.ActiveCfg = Debug|x64
		{E6C6E5C2-EBE4-47BF-971D-A92654901991}.Debug|x64.Build.0 = Debug|x64
		{E6C6E5C2-EBE4-47BF-971D-A92654901991}.Debug|x86.ActiveCfg = Debug|Win32
		{E6C6E5C2-EBE4-47BF-971D-A92654901991}.Debug|x86.Build.0 = Debug|Win32
		{E6C6E5C2-EBE4-47BF-971D-A92654901991}.Release|x64.ActiveCfg = Release|x64
		{E6C6E5C2-EBE4-47BF-971D-A92654901991}.Release|x64.Build.0 = Release|x64
		{E6C6E5C2-EBE4-47BF-971D-A92654901991}.Release|x86.ActiveCfg = Release|Win32
		{E6C6E5C2-EBE4-47BF-971D-A92654901991}.Release|x86.Build.0 = Release|Win32
		{CABD2D60-4FA3-4E07-A73D-D88E6F3C2EC4}.Debug|x64.ActiveCfg = Debug|x64
		{CABD2D60-4FA3-4E07-A73D-D88E6F3C2EC4}.Debug|x64.Build.0 = Debug|x64
		{CABD2D60-4FA3-4E07-A73D-D88E6F3C2EC4}.Debug|x86.ActiveCfg = Debug|Win32
		{CABD2D60-4FA3-4E07-A73D-D88E6F3C2EC4}.Debug|x86.Build.0 = Debug|Win32
		{CABD2D60-4FA3-4E07-A73D-D88E6F3C2EC4}.Release|x64.ActiveCfg = Release|x64
		{CABD2D60-4FA3-4E07-A73D-D88E6F3C2EC4}.Release|x64.Build.0 = Release|x64
		{CABD2D60-4FA3-4E07-A73D-D88E6F3C2EC4}.Release|x86.ActiveCfg = Release|Win32
		{CABD2D60-4FA3-4E07-A73D-D88E6F3C2EC4}.Release|x86.Build.0 = Release|Win32
		{6181D9DF-4276-41A7-9B8F-3604F2B6E1BD}.Debug|x64.ActiveCfg = Debug|x64
		{6181D9DF-4276-41A7-9B8F-3604F2B6E1BD}.Debug|x64.Build.0 = Debug|x64
		{6181D9DF-4276-41A7-9B8F-3604F2B6E1BD}.Debug|x86.ActiveCfg = Debug|Win32
		{6181D9DF-4276-41A7-9B8F-3604F2B6E1BD}.Debug|x86.Build.0 = Debug|Win32
		{6181D9DF-4276-41A7-9B8F-3604F2B6E1BD}.Release|x64.ActiveCfg = Release|x64
		{6181D9DF-4276-41A7-9B8F-3604F2B6E1BD}.Release|x64.Build.0 = Release|x64
		{6181D9DF-4276-41A7-9B8F-3604F2B6E1BD}.Release|x86.ActiveCfg = Release|Win32
		{6181D9DF-4276-41A7-9B8F-3604F2B6E1BD}.Release|x86.Build.0 = Release|Win32
		{1B2A78BB-51D2-4D7A-9B9A-5683E3D10880}.Debug|x64.ActiveCfg = Debug|x64
		{1B2A78BB-51D2-4D7A-9B9A-5683E3D10880}.Debug|x64.Build.0 = Debug|x64
		{1B2A78BB-51D2-4D7A-9B9A-5683E3D10880}.Debug|x86.ActiveCfg = Debug|Win32
		{1B2A78BB-51D2-4D7A-9B9A-5683E3D10880}.Debug|x86.Build.0 = Debug|Win32
		{1B2A78BB-51D2-4D7A-9B9A-5683E3D10880}.Release|x64.ActiveCfg = Release|x64
		{1B2A78BB-51D2-4D7A-9B9A-5683E3D10880}.Release|x64.Build.0 = Release|x64
		{1B2A78BB-51D2-4D7A-9B9A-5683E3D10880}.Release|x86.ActiveCfg = Release|Win32
		{1B2A78BB-51D2-4D7A-9B9A-5683E3D10880}.Release|x86.Build.0 = Release|Win32
	EndGlobalSection
	GlobalSection(SolutionProperties) = preSolution
		HideSolutionNode = FALSE
	EndGlobalSection
	GlobalSection(ExtensibilityGlobals) = postSolution
		SolutionGuid = {1945B60C-12D0-4584-AE9D-C825014331C4}
	EndGlobalSection
EndGlobal
